<?xml version="1.0" encoding="UTF-8"?>
<Scheme
   LastUpgradeVersion = "1010"
   version = "1.3">
   <BuildAction
      parallelizeBuildables = "YES"
      buildImplicitDependencies = "YES">
      <BuildActionEntries>
         <BuildActionEntry
            buildForTesting = "YES"
            buildForRunning = "YES"
            buildForProfiling = "YES"
            buildForArchiving = "YES"
            buildForAnalyzing = "YES">
            <BuildableReference
               BuildableIdentifier = "primary"
               BlueprintIdentifier = "3F720274B02187B12FA31A43"
               BuildableName = "AccessibilityDependency.framework"
               BlueprintName = "AccessibilityDependency"
               ReferencedContainer = "container:Tuist/Dependencies/SwiftPackageManager/.build/checkouts/swift-dependencies-additions/swift-dependencies-additions.xcodeproj">
            </BuildableReference>
         </BuildActionEntry>
         <BuildActionEntry
            buildForTesting = "YES"
            buildForRunning = "YES"
            buildForProfiling = "YES"
            buildForArchiving = "YES"
            buildForAnalyzing = "YES">
            <BuildableReference
               BuildableIdentifier = "primary"
               BlueprintIdentifier = "E7D3515382F9ED85D8F8F4F4"
               BuildableName = "AppDevUtils.framework"
               BlueprintName = "AppDevUtils"
               ReferencedContainer = "container:Tuist/Dependencies/SwiftPackageManager/.build/checkouts/AppDevUtils/AppDevUtils.xcodeproj">
            </BuildableReference>
         </BuildActionEntry>
         <BuildActionEntry
            buildForTesting = "YES"
            buildForRunning = "YES"
            buildForProfiling = "YES"
            buildForArchiving = "YES"
            buildForAnalyzing = "YES">
            <BuildableReference
               BuildableIdentifier = "primary"
               BlueprintIdentifier = "EFAD858D87987C8958841901"
               BuildableName = "ApplicationDependency.framework"
               BlueprintName = "ApplicationDependency"
               ReferencedContainer = "container:Tuist/Dependencies/SwiftPackageManager/.build/checkouts/swift-dependencies-additions/swift-dependencies-additions.xcodeproj">
            </BuildableReference>
         </BuildActionEntry>
         <BuildActionEntry
            buildForTesting = "YES"
            buildForRunning = "YES"
            buildForProfiling = "YES"
            buildForArchiving = "YES"
            buildForAnalyzing = "YES">
            <BuildableReference
               BuildableIdentifier = "primary"
               BlueprintIdentifier = "F90ED625CDA904D2C5B0129E"
               BuildableName = "AssertionDependency.framework"
               BlueprintName = "AssertionDependency"
               ReferencedContainer = "container:Tuist/Dependencies/SwiftPackageManager/.build/checkouts/swift-dependencies-additions/swift-dependencies-additions.xcodeproj">
            </BuildableReference>
         </BuildActionEntry>
         <BuildActionEntry
            buildForTesting = "YES"
            buildForRunning = "YES"
            buildForProfiling = "YES"
            buildForArchiving = "YES"
            buildForAnalyzing = "YES">
            <BuildableReference
               BuildableIdentifier = "primary"
               BlueprintIdentifier = "E8A8C57B863FE20634A0CB66"
               BuildableName = "AsyncAlgorithms.framework"
               BlueprintName = "AsyncAlgorithms"
               ReferencedContainer = "container:Tuist/Dependencies/SwiftPackageManager/.build/checkouts/swift-async-algorithms/AsyncAlgorithms.xcodeproj">
            </BuildableReference>
         </BuildActionEntry>
         <BuildActionEntry
            buildForTesting = "YES"
            buildForRunning = "YES"
            buildForProfiling = "YES"
            buildForArchiving = "YES"
            buildForAnalyzing = "YES">
            <BuildableReference
               BuildableIdentifier = "primary"
               BlueprintIdentifier = "7CF0A0ACFD8D59CE627FCA4D"
               BuildableName = "AudioKit.framework"
               BlueprintName = "AudioKit"
               ReferencedContainer = "container:Tuist/Dependencies/SwiftPackageManager/.build/checkouts/AudioKit/AudioKit.xcodeproj">
            </BuildableReference>
         </BuildActionEntry>
         <BuildActionEntry
            buildForTesting = "YES"
            buildForRunning = "YES"
            buildForProfiling = "YES"
            buildForArchiving = "YES"
            buildForAnalyzing = "YES">
            <BuildableReference
               BuildableIdentifier = "primary"
               BlueprintIdentifier = "6EB8DEC44096F3FD0E77C129"
               BuildableName = "BetterCodable.framework"
               BlueprintName = "BetterCodable"
               ReferencedContainer = "container:Tuist/Dependencies/SwiftPackageManager/.build/checkouts/BetterCodable/BetterCodable.xcodeproj">
            </BuildableReference>
         </BuildActionEntry>
         <BuildActionEntry
            buildForTesting = "YES"
            buildForRunning = "YES"
            buildForProfiling = "YES"
            buildForArchiving = "YES"
            buildForAnalyzing = "YES">
            <BuildableReference
               BuildableIdentifier = "primary"
               BlueprintIdentifier = "C8186E5C0EA9EAA7175C4AFA"
               BuildableName = "BundleDependency.framework"
               BlueprintName = "BundleDependency"
               ReferencedContainer = "container:Tuist/Dependencies/SwiftPackageManager/.build/checkouts/swift-dependencies-additions/swift-dependencies-additions.xcodeproj">
            </BuildableReference>
         </BuildActionEntry>
         <BuildActionEntry
            buildForTesting = "YES"
            buildForRunning = "YES"
            buildForProfiling = "YES"
            buildForArchiving = "YES"
            buildForAnalyzing = "YES">
            <BuildableReference
               BuildableIdentifier = "primary"
               BlueprintIdentifier = "7CB5E98E45FAAF594F8A0F1E"
               BuildableName = "CasePaths.framework"
               BlueprintName = "CasePaths"
               ReferencedContainer = "container:Tuist/Dependencies/SwiftPackageManager/.build/checkouts/swift-case-paths/swift-case-paths.xcodeproj">
            </BuildableReference>
         </BuildActionEntry>
         <BuildActionEntry
            buildForTesting = "YES"
            buildForRunning = "YES"
            buildForProfiling = "YES"
            buildForArchiving = "YES"
            buildForAnalyzing = "YES">
            <BuildableReference
               BuildableIdentifier = "primary"
               BlueprintIdentifier = "A1DFC045089F7370FF821C6F"
               BuildableName = "Clocks.framework"
               BlueprintName = "Clocks"
               ReferencedContainer = "container:Tuist/Dependencies/SwiftPackageManager/.build/checkouts/swift-clocks/swift-clocks.xcodeproj">
            </BuildableReference>
         </BuildActionEntry>
         <BuildActionEntry
            buildForTesting = "YES"
            buildForRunning = "YES"
            buildForProfiling = "YES"
            buildForArchiving = "YES"
            buildForAnalyzing = "YES">
            <BuildableReference
               BuildableIdentifier = "primary"
               BlueprintIdentifier = "5D872200A3C35E10AB179D5F"
               BuildableName = "CodableDependency.framework"
               BlueprintName = "CodableDependency"
               ReferencedContainer = "container:Tuist/Dependencies/SwiftPackageManager/.build/checkouts/swift-dependencies-additions/swift-dependencies-additions.xcodeproj">
            </BuildableReference>
         </BuildActionEntry>
         <BuildActionEntry
            buildForTesting = "YES"
            buildForRunning = "YES"
            buildForProfiling = "YES"
            buildForArchiving = "YES"
            buildForAnalyzing = "YES">
            <BuildableReference
               BuildableIdentifier = "primary"
               BlueprintIdentifier = "2D341577929450B91B22C074"
               BuildableName = "Collections.framework"
               BlueprintName = "Collections"
               ReferencedContainer = "container:Tuist/Dependencies/SwiftPackageManager/.build/checkouts/swift-collections/swift-collections.xcodeproj">
            </BuildableReference>
         </BuildActionEntry>
         <BuildActionEntry
            buildForTesting = "YES"
            buildForRunning = "YES"
            buildForProfiling = "YES"
            buildForArchiving = "YES"
            buildForAnalyzing = "YES">
            <BuildableReference
               BuildableIdentifier = "primary"
               BlueprintIdentifier = "62E835EE2C76720CE1A57783"
               BuildableName = "CombineSchedulers.framework"
               BlueprintName = "CombineSchedulers"
               ReferencedContainer = "container:Tuist/Dependencies/SwiftPackageManager/.build/checkouts/combine-schedulers/combine-schedulers.xcodeproj">
            </BuildableReference>
         </BuildActionEntry>
         <BuildActionEntry
            buildForTesting = "YES"
            buildForRunning = "YES"
            buildForProfiling = "YES"
            buildForArchiving = "YES"
            buildForAnalyzing = "YES">
            <BuildableReference
               BuildableIdentifier = "primary"
               BlueprintIdentifier = "BC4117F08C3E566F28BA80F7"
               BuildableName = "ComposableArchitecture.framework"
               BlueprintName = "ComposableArchitecture"
               ReferencedContainer = "container:Tuist/Dependencies/SwiftPackageManager/.build/checkouts/swift-composable-architecture/swift-composable-architecture.xcodeproj">
            </BuildableReference>
         </BuildActionEntry>
         <BuildActionEntry
            buildForTesting = "YES"
            buildForRunning = "YES"
            buildForProfiling = "YES"
            buildForArchiving = "YES"
            buildForAnalyzing = "YES">
            <BuildableReference
               BuildableIdentifier = "primary"
               BlueprintIdentifier = "2BD559FA277D5A46D2A6E838"
               BuildableName = "CompressionDependency.framework"
               BlueprintName = "CompressionDependency"
               ReferencedContainer = "container:Tuist/Dependencies/SwiftPackageManager/.build/checkouts/swift-dependencies-additions/swift-dependencies-additions.xcodeproj">
            </BuildableReference>
         </BuildActionEntry>
         <BuildActionEntry
            buildForTesting = "YES"
            buildForRunning = "YES"
            buildForProfiling = "YES"
            buildForArchiving = "YES"
            buildForAnalyzing = "YES">
            <BuildableReference
               BuildableIdentifier = "primary"
               BlueprintIdentifier = "FB5353CF964F76EE56056930"
               BuildableName = "ConcurrencyExtras.framework"
               BlueprintName = "ConcurrencyExtras"
               ReferencedContainer = "container:Tuist/Dependencies/SwiftPackageManager/.build/checkouts/swift-concurrency-extras/swift-concurrency-extras.xcodeproj">
            </BuildableReference>
         </BuildActionEntry>
         <BuildActionEntry
            buildForTesting = "YES"
            buildForRunning = "YES"
            buildForProfiling = "YES"
            buildForArchiving = "YES"
            buildForAnalyzing = "YES">
            <BuildableReference
               BuildableIdentifier = "primary"
               BlueprintIdentifier = "5D71332DAEA508F122BB62C1"
               BuildableName = "CustomDump.framework"
               BlueprintName = "CustomDump"
               ReferencedContainer = "container:Tuist/Dependencies/SwiftPackageManager/.build/checkouts/swift-custom-dump/swift-custom-dump.xcodeproj">
            </BuildableReference>
         </BuildActionEntry>
         <BuildActionEntry
            buildForTesting = "YES"
            buildForRunning = "YES"
            buildForProfiling = "YES"
            buildForArchiving = "YES"
            buildForAnalyzing = "YES">
            <BuildableReference
               BuildableIdentifier = "primary"
               BlueprintIdentifier = "0D2A344AAC3127AD2CA9D0F5"
               BuildableName = "DSWaveformImage.framework"
               BlueprintName = "DSWaveformImage"
               ReferencedContainer = "container:Tuist/Dependencies/SwiftPackageManager/.build/checkouts/DSWaveformImage/DSWaveformImage.xcodeproj">
            </BuildableReference>
         </BuildActionEntry>
         <BuildActionEntry
            buildForTesting = "YES"
            buildForRunning = "YES"
            buildForProfiling = "YES"
            buildForArchiving = "YES"
            buildForAnalyzing = "YES">
            <BuildableReference
               BuildableIdentifier = "primary"
               BlueprintIdentifier = "AB787661E8F55DAC9119AB32"
               BuildableName = "DSWaveformImageViews.framework"
               BlueprintName = "DSWaveformImageViews"
               ReferencedContainer = "container:Tuist/Dependencies/SwiftPackageManager/.build/checkouts/DSWaveformImage/DSWaveformImage.xcodeproj">
            </BuildableReference>
         </BuildActionEntry>
         <BuildActionEntry
            buildForTesting = "YES"
            buildForRunning = "YES"
            buildForProfiling = "YES"
            buildForArchiving = "YES"
            buildForAnalyzing = "YES">
            <BuildableReference
               BuildableIdentifier = "primary"
               BlueprintIdentifier = "C595C1248DB27C0FF57A8121"
               BuildableName = "DataDependency.framework"
               BlueprintName = "DataDependency"
               ReferencedContainer = "container:Tuist/Dependencies/SwiftPackageManager/.build/checkouts/swift-dependencies-additions/swift-dependencies-additions.xcodeproj">
            </BuildableReference>
         </BuildActionEntry>
         <BuildActionEntry
            buildForTesting = "YES"
            buildForRunning = "YES"
            buildForProfiling = "YES"
            buildForArchiving = "YES"
            buildForAnalyzing = "YES">
            <BuildableReference
               BuildableIdentifier = "primary"
               BlueprintIdentifier = "56E5E7D15D17320671D69B9C"
               BuildableName = "Dependencies.framework"
               BlueprintName = "Dependencies"
               ReferencedContainer = "container:Tuist/Dependencies/SwiftPackageManager/.build/checkouts/swift-dependencies/swift-dependencies.xcodeproj">
            </BuildableReference>
         </BuildActionEntry>
         <BuildActionEntry
            buildForTesting = "YES"
            buildForRunning = "YES"
            buildForProfiling = "YES"
            buildForArchiving = "YES"
            buildForAnalyzing = "YES">
            <BuildableReference
               BuildableIdentifier = "primary"
               BlueprintIdentifier = "D7B38DD2ED3991942B095555"
               BuildableName = "DependenciesAdditions.framework"
               BlueprintName = "DependenciesAdditions"
               ReferencedContainer = "container:Tuist/Dependencies/SwiftPackageManager/.build/checkouts/swift-dependencies-additions/swift-dependencies-additions.xcodeproj">
            </BuildableReference>
         </BuildActionEntry>
         <BuildActionEntry
            buildForTesting = "YES"
            buildForRunning = "YES"
            buildForProfiling = "YES"
            buildForArchiving = "YES"
            buildForAnalyzing = "YES">
            <BuildableReference
               BuildableIdentifier = "primary"
               BlueprintIdentifier = "00DD79466357F6DCA6632262"
               BuildableName = "DependenciesAdditionsBasics.framework"
               BlueprintName = "DependenciesAdditionsBasics"
               ReferencedContainer = "container:Tuist/Dependencies/SwiftPackageManager/.build/checkouts/swift-dependencies-additions/swift-dependencies-additions.xcodeproj">
            </BuildableReference>
         </BuildActionEntry>
         <BuildActionEntry
            buildForTesting = "YES"
            buildForRunning = "YES"
            buildForProfiling = "YES"
            buildForArchiving = "YES"
            buildForAnalyzing = "YES">
            <BuildableReference
               BuildableIdentifier = "primary"
               BlueprintIdentifier = "707F0BCAE2A3711F8A9E52F0"
               BuildableName = "DequeModule.framework"
               BlueprintName = "DequeModule"
               ReferencedContainer = "container:Tuist/Dependencies/SwiftPackageManager/.build/checkouts/swift-collections/swift-collections.xcodeproj">
            </BuildableReference>
         </BuildActionEntry>
         <BuildActionEntry
            buildForTesting = "YES"
            buildForRunning = "YES"
            buildForProfiling = "YES"
            buildForArchiving = "YES"
            buildForAnalyzing = "YES">
            <BuildableReference
               BuildableIdentifier = "primary"
               BlueprintIdentifier = "8C74DC6A9DE725AE0F430172"
               BuildableName = "DeviceDependency.framework"
               BlueprintName = "DeviceDependency"
               ReferencedContainer = "container:Tuist/Dependencies/SwiftPackageManager/.build/checkouts/swift-dependencies-additions/swift-dependencies-additions.xcodeproj">
            </BuildableReference>
         </BuildActionEntry>
         <BuildActionEntry
            buildForTesting = "YES"
            buildForRunning = "YES"
            buildForProfiling = "YES"
            buildForArchiving = "YES"
            buildForAnalyzing = "YES">
            <BuildableReference
               BuildableIdentifier = "primary"
               BlueprintIdentifier = "E5CC4B03A6E1E799C31468DD"
               BuildableName = "DynamicColor.framework"
               BlueprintName = "DynamicColor"
               ReferencedContainer = "container:Tuist/Dependencies/SwiftPackageManager/.build/checkouts/DynamicColor/DynamicColor.xcodeproj">
            </BuildableReference>
         </BuildActionEntry>
         <BuildActionEntry
            buildForTesting = "YES"
            buildForRunning = "YES"
            buildForProfiling = "YES"
            buildForArchiving = "YES"
            buildForAnalyzing = "YES">
            <BuildableReference
               BuildableIdentifier = "primary"
               BlueprintIdentifier = "210AE3919E1578F6373794C3"
               BuildableName = "IdentifiedCollections.framework"
               BlueprintName = "IdentifiedCollections"
               ReferencedContainer = "container:Tuist/Dependencies/SwiftPackageManager/.build/checkouts/swift-identified-collections/swift-identified-collections.xcodeproj">
            </BuildableReference>
         </BuildActionEntry>
         <BuildActionEntry
            buildForTesting = "YES"
            buildForRunning = "YES"
            buildForProfiling = "YES"
            buildForArchiving = "YES"
            buildForAnalyzing = "YES">
            <BuildableReference
               BuildableIdentifier = "primary"
               BlueprintIdentifier = "B6383111477D2BDE8BF73999"
               BuildableName = "Inject.framework"
               BlueprintName = "Inject"
               ReferencedContainer = "container:Tuist/Dependencies/SwiftPackageManager/.build/checkouts/Inject/Inject.xcodeproj">
            </BuildableReference>
         </BuildActionEntry>
         <BuildActionEntry
            buildForTesting = "YES"
            buildForRunning = "YES"
            buildForProfiling = "YES"
            buildForArchiving = "YES"
            buildForAnalyzing = "YES">
            <BuildableReference
               BuildableIdentifier = "primary"
               BlueprintIdentifier = "4882690DA5B75B377C942BAC"
               BuildableName = "LoggerDependency.framework"
               BlueprintName = "LoggerDependency"
               ReferencedContainer = "container:Tuist/Dependencies/SwiftPackageManager/.build/checkouts/swift-dependencies-additions/swift-dependencies-additions.xcodeproj">
            </BuildableReference>
         </BuildActionEntry>
         <BuildActionEntry
            buildForTesting = "YES"
            buildForRunning = "YES"
            buildForProfiling = "YES"
            buildForArchiving = "YES"
            buildForAnalyzing = "YES">
            <BuildableReference
               BuildableIdentifier = "primary"
               BlueprintIdentifier = "60932972EF699164CB2B16FF"
               BuildableName = "NotificationCenterDependency.framework"
               BlueprintName = "NotificationCenterDependency"
               ReferencedContainer = "container:Tuist/Dependencies/SwiftPackageManager/.build/checkouts/swift-dependencies-additions/swift-dependencies-additions.xcodeproj">
            </BuildableReference>
         </BuildActionEntry>
         <BuildActionEntry
            buildForTesting = "YES"
            buildForRunning = "YES"
            buildForProfiling = "YES"
            buildForArchiving = "YES"
            buildForAnalyzing = "YES">
            <BuildableReference
               BuildableIdentifier = "primary"
               BlueprintIdentifier = "E07053DCBDB7F16C14688195"
               BuildableName = "OrderedCollections.framework"
               BlueprintName = "OrderedCollections"
               ReferencedContainer = "container:Tuist/Dependencies/SwiftPackageManager/.build/checkouts/swift-collections/swift-collections.xcodeproj">
            </BuildableReference>
         </BuildActionEntry>
         <BuildActionEntry
            buildForTesting = "YES"
            buildForRunning = "YES"
            buildForProfiling = "YES"
            buildForArchiving = "YES"
            buildForAnalyzing = "YES">
            <BuildableReference
               BuildableIdentifier = "primary"
               BlueprintIdentifier = "378116F64BA1B80C01CCC504"
               BuildableName = "PathDependency.framework"
               BlueprintName = "PathDependency"
               ReferencedContainer = "container:Tuist/Dependencies/SwiftPackageManager/.build/checkouts/swift-dependencies-additions/swift-dependencies-additions.xcodeproj">
            </BuildableReference>
         </BuildActionEntry>
         <BuildActionEntry
            buildForTesting = "YES"
            buildForRunning = "YES"
            buildForProfiling = "YES"
            buildForArchiving = "YES"
            buildForAnalyzing = "YES">
            <BuildableReference
               BuildableIdentifier = "primary"
               BlueprintIdentifier = "5E87BCB9A3B13D94F3E47E8B"
               BuildableName = "PersistentContainerDependency.framework"
               BlueprintName = "PersistentContainerDependency"
               ReferencedContainer = "container:Tuist/Dependencies/SwiftPackageManager/.build/checkouts/swift-dependencies-additions/swift-dependencies-additions.xcodeproj">
            </BuildableReference>
         </BuildActionEntry>
         <BuildActionEntry
            buildForTesting = "YES"
            buildForRunning = "YES"
            buildForProfiling = "YES"
            buildForArchiving = "YES"
            buildForAnalyzing = "YES">
            <BuildableReference
               BuildableIdentifier = "primary"
               BlueprintIdentifier = "D6ECB6F1B69C394F9A76F420"
               BuildableName = "Popovers.framework"
               BlueprintName = "Popovers"
               ReferencedContainer = "container:Tuist/Dependencies/SwiftPackageManager/.build/checkouts/Popovers/Popovers.xcodeproj">
            </BuildableReference>
         </BuildActionEntry>
         <BuildActionEntry
            buildForTesting = "YES"
            buildForRunning = "YES"
            buildForProfiling = "YES"
            buildForArchiving = "YES"
            buildForAnalyzing = "YES">
            <BuildableReference
               BuildableIdentifier = "primary"
               BlueprintIdentifier = "73C9DADE365CE918DDC791EC"
               BuildableName = "ProcessInfoDependency.framework"
               BlueprintName = "ProcessInfoDependency"
               ReferencedContainer = "container:Tuist/Dependencies/SwiftPackageManager/.build/checkouts/swift-dependencies-additions/swift-dependencies-additions.xcodeproj">
            </BuildableReference>
         </BuildActionEntry>
         <BuildActionEntry
            buildForTesting = "YES"
            buildForRunning = "YES"
            buildForProfiling = "YES"
            buildForArchiving = "YES"
            buildForAnalyzing = "YES">
            <BuildableReference
               BuildableIdentifier = "primary"
               BlueprintIdentifier = "34D20F9BF8D586E23750CEC0"
               BuildableName = "Setting.framework"
               BlueprintName = "Setting"
               ReferencedContainer = "container:Tuist/Dependencies/SwiftPackageManager/.build/checkouts/Setting/Setting.xcodeproj">
            </BuildableReference>
         </BuildActionEntry>
         <BuildActionEntry
            buildForTesting = "YES"
            buildForRunning = "YES"
            buildForProfiling = "YES"
            buildForArchiving = "YES"
            buildForAnalyzing = "YES">
            <BuildableReference
               BuildableIdentifier = "primary"
               BlueprintIdentifier = "6B75136376F78126CB17EBCC"
               BuildableName = "ShareExtension.appex"
               BlueprintName = "ShareExtension"
               ReferencedContainer = "container:App/WhisperBoard.xcodeproj">
            </BuildableReference>
         </BuildActionEntry>
         <BuildActionEntry
            buildForTesting = "YES"
            buildForRunning = "YES"
            buildForProfiling = "YES"
            buildForArchiving = "YES"
            buildForAnalyzing = "YES">
            <BuildableReference
               BuildableIdentifier = "primary"
               BlueprintIdentifier = "C0B66C9F607B0D0E419B8581"
               BuildableName = "SwiftUIIntrospect.framework"
               BlueprintName = "SwiftUIIntrospect"
               ReferencedContainer = "container:Tuist/Dependencies/SwiftPackageManager/.build/checkouts/SwiftUI-Introspect/swiftui-introspect.xcodeproj">
            </BuildableReference>
         </BuildActionEntry>
         <BuildActionEntry
            buildForTesting = "YES"
            buildForRunning = "YES"
            buildForProfiling = "YES"
            buildForArchiving = "YES"
            buildForAnalyzing = "YES">
            <BuildableReference
               BuildableIdentifier = "primary"
               BlueprintIdentifier = "1E1BEF9F3C28FB737CD74F83"
               BuildableName = "SwiftUINavigationCore.framework"
               BlueprintName = "SwiftUINavigationCore"
               ReferencedContainer = "container:Tuist/Dependencies/SwiftPackageManager/.build/checkouts/swiftui-navigation/swiftui-navigation.xcodeproj">
            </BuildableReference>
         </BuildActionEntry>
         <BuildActionEntry
            buildForTesting = "YES"
            buildForRunning = "YES"
            buildForProfiling = "YES"
            buildForArchiving = "YES"
            buildForAnalyzing = "YES">
            <BuildableReference
               BuildableIdentifier = "primary"
               BlueprintIdentifier = "5EA600EC5E4FD8F2D712DFDE"
               BuildableName = "UserDefaultsDependency.framework"
               BlueprintName = "UserDefaultsDependency"
               ReferencedContainer = "container:Tuist/Dependencies/SwiftPackageManager/.build/checkouts/swift-dependencies-additions/swift-dependencies-additions.xcodeproj">
            </BuildableReference>
         </BuildActionEntry>
         <BuildActionEntry
            buildForTesting = "YES"
            buildForRunning = "YES"
            buildForProfiling = "YES"
            buildForArchiving = "YES"
            buildForAnalyzing = "YES">
            <BuildableReference
               BuildableIdentifier = "primary"
               BlueprintIdentifier = "AABBAAB1F981CB0C48445CE2"
               BuildableName = "UserNotificationsDependency.framework"
               BlueprintName = "UserNotificationsDependency"
               ReferencedContainer = "container:Tuist/Dependencies/SwiftPackageManager/.build/checkouts/swift-dependencies-additions/swift-dependencies-additions.xcodeproj">
            </BuildableReference>
         </BuildActionEntry>
         <BuildActionEntry
            buildForTesting = "YES"
            buildForRunning = "YES"
            buildForProfiling = "YES"
            buildForArchiving = "YES"
            buildForAnalyzing = "YES">
            <BuildableReference
               BuildableIdentifier = "primary"
               BlueprintIdentifier = "67338570ABF95F35842F2E23"
               BuildableName = "VariableBlurView.framework"
               BlueprintName = "VariableBlurView"
               ReferencedContainer = "container:Tuist/Dependencies/SwiftPackageManager/.build/checkouts/VariableBlurView/VariableBlurView.xcodeproj">
            </BuildableReference>
         </BuildActionEntry>
         <BuildActionEntry
            buildForTesting = "YES"
            buildForRunning = "YES"
            buildForProfiling = "YES"
            buildForArchiving = "YES"
            buildForAnalyzing = "YES">
            <BuildableReference
               BuildableIdentifier = "primary"
               BlueprintIdentifier = "794C1946E60436B91C2C8A60"
               BuildableName = "WhisperBoard.app"
               BlueprintName = "WhisperBoard"
               ReferencedContainer = "container:App/WhisperBoard.xcodeproj">
            </BuildableReference>
         </BuildActionEntry>
         <BuildActionEntry
            buildForTesting = "YES"
            buildForRunning = "YES"
            buildForProfiling = "YES"
            buildForArchiving = "YES"
            buildForAnalyzing = "YES">
            <BuildableReference
               BuildableIdentifier = "primary"
               BlueprintIdentifier = "E1BF47DFFB9C2D3A665436BF"
               BuildableName = "WhisperBoardKit.framework"
               BlueprintName = "WhisperBoardKit"
               ReferencedContainer = "container:AppKit/WhisperBoardKit.xcodeproj">
            </BuildableReference>
         </BuildActionEntry>
         <BuildActionEntry
            buildForTesting = "YES"
            buildForRunning = "YES"
            buildForProfiling = "YES"
            buildForArchiving = "YES"
            buildForAnalyzing = "YES">
            <BuildableReference
               BuildableIdentifier = "primary"
               BlueprintIdentifier = "39865C1255F356D27430F685"
               BuildableName = "WhisperBoardKitTests.xctest"
               BlueprintName = "WhisperBoardKitTests"
               ReferencedContainer = "container:AppKit/WhisperBoardKit.xcodeproj">
            </BuildableReference>
         </BuildActionEntry>
         <BuildActionEntry
            buildForTesting = "YES"
            buildForRunning = "YES"
            buildForProfiling = "YES"
            buildForArchiving = "YES"
            buildForAnalyzing = "YES">
            <BuildableReference
               BuildableIdentifier = "primary"
               BlueprintIdentifier = "72AFFFF406E5C27E00BD257F"
               BuildableName = "WhisperBoardKit_WhisperBoardKit.bundle"
               BlueprintName = "WhisperBoardKit_WhisperBoardKit"
               ReferencedContainer = "container:AppKit/WhisperBoardKit.xcodeproj">
            </BuildableReference>
         </BuildActionEntry>
         <BuildActionEntry
            buildForTesting = "YES"
            buildForRunning = "YES"
            buildForProfiling = "YES"
            buildForArchiving = "YES"
            buildForAnalyzing = "YES">
            <BuildableReference
               BuildableIdentifier = "primary"
               BlueprintIdentifier = "6D1BFFAE456610AE81A4206D"
               BuildableName = "XCTestDynamicOverlay.framework"
               BlueprintName = "XCTestDynamicOverlay"
               ReferencedContainer = "container:Tuist/Dependencies/SwiftPackageManager/.build/checkouts/xctest-dynamic-overlay/xctest-dynamic-overlay.xcodeproj">
            </BuildableReference>
         </BuildActionEntry>
         <BuildActionEntry
            buildForTesting = "YES"
            buildForRunning = "YES"
            buildForProfiling = "YES"
            buildForArchiving = "YES"
            buildForAnalyzing = "YES">
            <BuildableReference
               BuildableIdentifier = "primary"
               BlueprintIdentifier = "47CF5B061FE5CD4683E65AED"
               BuildableName = "whisper.framework"
               BlueprintName = "whisper"
               ReferencedContainer = "container:Tuist/Dependencies/SwiftPackageManager/.build/checkouts/whisper.spm/whisper.spm.xcodeproj">
            </BuildableReference>
         </BuildActionEntry>
      </BuildActionEntries>
   </BuildAction>
   <TestAction
      buildConfiguration = "Debug"
      selectedDebuggerIdentifier = "Xcode.DebuggerFoundation.Debugger.LLDB"
      selectedLauncherIdentifier = "Xcode.DebuggerFoundation.Launcher.LLDB"
      shouldUseLaunchSchemeArgsEnv = "YES">
      <Testables>
         <TestableReference
            skipped = "NO">
            <BuildableReference
               BuildableIdentifier = "primary"
               BlueprintIdentifier = "39865C1255F356D27430F685"
               BuildableName = "WhisperBoardKitTests.xctest"
               BlueprintName = "WhisperBoardKitTests"
               ReferencedContainer = "container:AppKit/WhisperBoardKit.xcodeproj">
            </BuildableReference>
         </TestableReference>
      </Testables>
   </TestAction>
   <LaunchAction
      buildConfiguration = "Debug"
      selectedDebuggerIdentifier = "Xcode.DebuggerFoundation.Debugger.LLDB"
      selectedLauncherIdentifier = "Xcode.DebuggerFoundation.Launcher.LLDB"
      launchStyle = "0"
      useCustomWorkingDirectory = "NO"
      ignoresPersistentStateOnLaunch = "NO"
      debugDocumentVersioning = "YES"
      debugServiceExtension = "internal"
      allowLocationSimulation = "YES">
      <MacroExpansion>
         <BuildableReference
            BuildableIdentifier = "primary"
            BlueprintIdentifier = "3F720274B02187B12FA31A43"
            BuildableName = "AccessibilityDependency.framework"
            BlueprintName = "AccessibilityDependency"
            ReferencedContainer = "container:Tuist/Dependencies/SwiftPackageManager/.build/checkouts/swift-dependencies-additions/swift-dependencies-additions.xcodeproj">
         </BuildableReference>
      </MacroExpansion>
   </LaunchAction>
   <ProfileAction
      buildConfiguration = "Release"
      shouldUseLaunchSchemeArgsEnv = "YES"
      savedToolIdentifier = ""
      useCustomWorkingDirectory = "NO"
      debugDocumentVersioning = "YES">
      <MacroExpansion>
         <BuildableReference
            BuildableIdentifier = "primary"
            BlueprintIdentifier = "3F720274B02187B12FA31A43"
            BuildableName = "AccessibilityDependency.framework"
            BlueprintName = "AccessibilityDependency"
            ReferencedContainer = "container:Tuist/Dependencies/SwiftPackageManager/.build/checkouts/swift-dependencies-additions/swift-dependencies-additions.xcodeproj">
         </BuildableReference>
      </MacroExpansion>
   </ProfileAction>
   <AnalyzeAction
      buildConfiguration = "Debug">
   </AnalyzeAction>
   <ArchiveAction
      buildConfiguration = "Release"
      revealArchiveInOrganizer = "YES">
   </ArchiveAction>
</Scheme>
